
Microsoft Visual Studio Solution File, Format Version 12.00
# Visual Studio Version 17
VisualStudioVersion = 17.3.32804.467
MinimumVisualStudioVersion = 10.0.40219.1
Project("{FAE04EC0-301F-11D3-BF4B-00C04F79EFBC}") = "Assingnment_Classes_Object", "Assingnment_Classes_Object\Assingnment_Classes_Object.csproj", "{E38B4A80-F385-470E-87A9-E8EA27C0264B}"
EndProject
Global
	GlobalSection(SolutionConfigurationPlatforms) = preSolution
		Debug|Any CPU = Debug|Any CPU
		Release|Any CPU = Release|Any CPU
	EndGlobalSection
	GlobalSection(ProjectConfigurationPlatforms) = postSolution
		{E38B4A80-F385-470E-87A9-E8EA27C0264B}.Debug|Any CPU.ActiveCfg = Debug|Any CPU
		{E38B4A80-F385-470E-87A9-E8EA27C0264B}.Debug|Any CPU.Build.0 = Debug|Any CPU
		{E38B4A80-F385-470E-87A9-E8EA27C0264B}.Release|Any CPU.ActiveCfg = Release|Any CPU
		{E38B4A80-F385-470E-87A9-E8EA27C0264B}.Release|Any CPU.Build.0 = Release|Any CPU
	EndGlobalSection
	GlobalSection(SolutionProperties) = preSolution
		HideSolutionNode = FALSE
	EndGlobalSection
	GlobalSection(ExtensibilityGlobals) = postSolution
		SolutionGuid = {3F040E2E-8F39-48BB-9C80-DAD93E5338C7}
	EndGlobalSection
EndGlobal
